{
  "name": "asp.net",
  "version": "1.0.0",
  "lockfileVersion": 1,
  "requires": true,
  "dependencies": {
    "bootstrap": {
      "version": "4.4.1",
      "resolved": "https://registry.npmjs.org/bootstrap/-/bootstrap-4.4.1.tgz",
      "integrity": "sha512-tbx5cHubwE6e2ZG7nqM3g/FZ5PQEDMWmMGNrCUBVRPHXTJaH7CBDdsLeu3eCh3B1tzAxTnAbtmrzvWEvT2NNEA==",
      "dev": true
    },
    "ckeditor": {
      "version": "4.12.1",
      "resolved": "https://registry.npmjs.org/ckeditor/-/ckeditor-4.12.1.tgz",
      "integrity": "sha512-pH2Su4oi0D4iN/3U8nUcwI7/lXHoOJi0aiN8e2zxnm4Ow5kq8eZP2ZGmpYyuqRyKZ2tHaU8+OyYi7laXcjiq9Q==",
      "dev": true
    },
    "font-awesome": {
      "version": "4.7.0",
      "resolved": "https://registry.npmjs.org/font-awesome/-/font-awesome-4.7.0.tgz",
      "integrity": "sha1-j6jPBBGhoxr9B7BtKQK7n8gVoTM=",
      "dev": true
    },
    "jquery": {
      "version": "3.5.0",
      "resolved": "https://registry.npmjs.org/jquery/-/jquery-3.5.0.tgz",
      "integrity": "sha512-Xb7SVYMvygPxbFMpTFQiHh1J7HClEaThguL15N/Gg37Lri/qKyhRGZYzHRyLH8Stq3Aow0LsHO2O2ci86fCrNQ==",
      "dev": true
    },
    "popper.js": {
      "version": "2.0.0-next.4",
      "resolved": "https://registry.npmjs.org/popper.js/-/popper.js-2.0.0-next.4.tgz",
      "integrity": "sha512-rwX+OiRozGJyNzo+b39WE1yh1VE7+FuDAbMIP1j3hUQN4DP0WEOEbRlHC7dDgoIDpBQSm5rr+nCoPktbQCNhFQ==",
      "dev": true
    },
    "tether": {
      "version": "2.0.0-beta.5",
      "resolved": "https://registry.npmjs.org/tether/-/tether-2.0.0-beta.5.tgz",
      "integrity": "sha512-cgNWJn+jznlK2SYeRSpozCj0LSPSgCccBg9bO5+PA/XysrszjDAXF66XnPxHxzb+MdX7P89tJze/j2zjkBGODg==",
      "dev": true
    }
  }
}
